<?xml version="1.0" encoding="utf-8"?>
<Project ToolsVersion="4.0" xmlns="http://schemas.microsoft.com/developer/msbuild/2003">
  <ItemGroup>
    <ClCompile Include="test.cpp" />
    <ClCompile Include="pch.cpp" />
    <ClCompile Include="..\GamblingGame\FileOperator.cpp">
      <Filter>Source Files</Filter>
    </ClCompile>
    <ClCompile Include="..\GamblingGame\Game.cpp">
      <Filter>Source Files</Filter>
    </ClCompile>
    <ClCompile Include="..\GamblingGame\Player.cpp">
      <Filter>Source Files</Filter>
    </ClCompile>
    <ClCompile Include="..\GamblingGame\RandomNumber.cpp">
      <Filter>Source Files</Filter>
    </ClCompile>
    <ClCompile Include="..\GamblingGame\RoundResult.cpp">
      <Filter>Source Files</Filter>
    </ClCompile>
    <ClCompile Include="..\GamblingGame\Screen.cpp">
      <Filter>Source Files</Filter>
    </ClCompile>
    <ClCompile Include="FileOperatorTest.cpp">
      <Filter>Test Files</Filter>
    </ClCompile>
    <ClCompile Include="PlayerTest.cpp">
      <Filter>Test Files</Filter>
    </ClCompile>
    <ClCompile Include="RandomNumberTest.cpp">
      <Filter>Test Files</Filter>
    </ClCompile>
    <ClCompile Include="RoundResultTest.cpp">
      <Filter>Test Files</Filter>
    </ClCompile>
    <ClCompile Include="ScreenTest.cpp">
      <Filter>Test Files</Filter>
    </ClCompile>
    <ClCompile Include="GameTest.cpp">
      <Filter>Test Files</Filter>
    </ClCompile>
    <ClCompile Include="IntegrationTest.cpp">
      <Filter>Test Files</Filter>
    </ClCompile>
  </ItemGroup>
  <ItemGroup>
    <ClInclude Include="GameTest.h">
      <Filter>Headers</Filter>
    </ClInclude>
    <ClInclude Include="RoundResultTest.h">
      <Filter>Headers</Filter>
    </ClInclude>
    <ClInclude Include="pch.h">
      <Filter>Headers</Filter>
    </ClInclude>
    <ClInclude Include="ScreenTest.h">
      <Filter>Headers</Filter>
    </ClInclude>
  </ItemGroup>
  <ItemGroup>
    <None Include="packages.config" />
  </ItemGroup>
  <ItemGroup>
    <Text Include="Kisiler.txt">
      <Filter>Resources</Filter>
    </Text>
    <Text Include="EmptyKisiler.txt">
      <Filter>Resources</Filter>
    </Text>
    <Text Include="KisiBetRateProblem.txt">
      <Filter>Resources</Filter>
    </Text>
    <Text Include="KisiNameProblem.txt">
      <Filter>Resources</Filter>
    </Text>
    <Text Include="KisiLuckyNumberProblem.txt">
      <Filter>Resources</Filter>
    </Text>
    <Text Include="KisiCashProblem.txt">
      <Filter>Resources</Filter>
    </Text>
  </ItemGroup>
  <ItemGroup>
    <Filter Include="Resources">
      <UniqueIdentifier>{d4af932f-3b6f-4cda-ab24-279d675bbd1e}</UniqueIdentifier>
    </Filter>
    <Filter Include="Headers">
      <UniqueIdentifier>{c8e7553e-f77f-4645-b7c6-09bd33428dc7}</UniqueIdentifier>
    </Filter>
    <Filter Include="Source Files">
      <UniqueIdentifier>{a399f390-768f-4087-81aa-0c7e5414c218}</UniqueIdentifier>
    </Filter>
    <Filter Include="Test Files">
      <UniqueIdentifier>{0e6e0775-f6e7-471a-93c9-28a5846c5eb9}</UniqueIdentifier>
    </Filter>
  </ItemGroup>
</Project>